
Microsoft Visual Studio Solution File, Format Version 12.00
# Visual Studio 15
VisualStudioVersion = 15.0.27428.2037
MinimumVisualStudioVersion = 10.0.40219.1
Project("{9A19103F-16F7-4668-BE54-9A1E7A4F7556}") = "CompiledFilters", "CompiledFilters\CompiledFilters.csproj", "{9E24784B-B978-4A17-8765-AD16C7DDDCDB}"
EndProject
Project("{FAE04EC0-301F-11D3-BF4B-00C04F79EFBC}") = "CompiledFilters.Tests", "CompiledFilters.Tests\CompiledFilters.Tests.csproj", "{92DC9CE2-594C-4E2B-B1C8-DD65A52217D2}"
EndProject
Global
	GlobalSection(SolutionConfigurationPlatforms) = preSolution
		Debug|Any CPU = Debug|Any CPU
		Release|Any CPU = Release|Any CPU
	EndGlobalSection
	GlobalSection(ProjectConfigurationPlatforms) = postSolution
		{9E24784B-B978-4A17-8765-AD16C7DDDCDB}.Debug|Any CPU.ActiveCfg = Debug|Any CPU
		{9E24784B-B978-4A17-8765-AD16C7DDDCDB}.Debug|Any CPU.Build.0 = Debug|Any CPU
		{9E24784B-B978-4A17-8765-AD16C7DDDCDB}.Release|Any CPU.ActiveCfg = Release|Any CPU
		{9E24784B-B978-4A17-8765-AD16C7DDDCDB}.Release|Any CPU.Build.0 = Release|Any CPU
		{92DC9CE2-594C-4E2B-B1C8-DD65A52217D2}.Debug|Any CPU.ActiveCfg = Debug|Any CPU
		{92DC9CE2-594C-4E2B-B1C8-DD65A52217D2}.Debug|Any CPU.Build.0 = Debug|Any CPU
		{92DC9CE2-594C-4E2B-B1C8-DD65A52217D2}.Release|Any CPU.ActiveCfg = Release|Any CPU
		{92DC9CE2-594C-4E2B-B1C8-DD65A52217D2}.Release|Any CPU.Build.0 = Release|Any CPU
	EndGlobalSection
	GlobalSection(SolutionProperties) = preSolution
		HideSolutionNode = FALSE
	EndGlobalSection
	GlobalSection(ExtensibilityGlobals) = postSolution
		SolutionGuid = {E3426D9E-8896-45E7-97A3-C8D43932D5F4}
	EndGlobalSection
EndGlobal
